
Microsoft Visual Studio Solution File, Format Version 12.00
Project("{FAE04EC0-301F-11D3-BF4B-00C04F79EFBC}") = "FoxMq", "FoxMq\FoxMq.csproj", "{50E34691-BABF-4CF0-86C4-F204E79C2574}"
EndProject
Project("{FAE04EC0-301F-11D3-BF4B-00C04F79EFBC}") = "FoxMq.Tests", "FoxMq.Tests\FoxMq.Tests.csproj", "{8A707833-887C-4380-8F72-F985BAF19BF2}"
EndProject
Global
	GlobalSection(SolutionConfigurationPlatforms) = preSolution
		Debug|Any CPU = Debug|Any CPU
		Release|Any CPU = Release|Any CPU
	EndGlobalSection
	GlobalSection(ProjectConfigurationPlatforms) = postSolution
		{50E34691-BABF-4CF0-86C4-F204E79C2574}.Debug|Any CPU.ActiveCfg = Debug|Any CPU
		{50E34691-BABF-4CF0-86C4-F204E79C2574}.Debug|Any CPU.Build.0 = Debug|Any CPU
		{50E34691-BABF-4CF0-86C4-F204E79C2574}.Release|Any CPU.ActiveCfg = Release|Any CPU
		{50E34691-BABF-4CF0-86C4-F204E79C2574}.Release|Any CPU.Build.0 = Release|Any CPU
		{8A707833-887C-4380-8F72-F985BAF19BF2}.Debug|Any CPU.ActiveCfg = Debug|Any CPU
		{8A707833-887C-4380-8F72-F985BAF19BF2}.Debug|Any CPU.Build.0 = Debug|Any CPU
		{8A707833-887C-4380-8F72-F985BAF19BF2}.Release|Any CPU.ActiveCfg = Release|Any CPU
		{8A707833-887C-4380-8F72-F985BAF19BF2}.Release|Any CPU.Build.0 = Release|Any CPU
	EndGlobalSection
EndGlobal
